
Microsoft Visual Studio Solution File, Format Version 12.00
# Visual Studio Version 17
VisualStudioVersion = 17.4.33403.182
MinimumVisualStudioVersion = 10.0.40219.1
Project("{8BC9CEB8-8B4A-11D0-8D11-00A0C91BC942}") = "GameEngine", "GameEngine\GameEngine.vcxproj", "{92811938-1E64-49E2-B1F7-1009B6CD25DA}"
EndProject
Project("{8BC9CEB8-8B4A-11D0-8D11-00A0C91BC942}") = "Sandbox", "Sandbox\Sandbox.vcxproj", "{6E578194-767F-44AE-8914-B99B01830489}"
EndProject
Global
	GlobalSection(SolutionConfigurationPlatforms) = preSolution
		Debug|x64 = Debug|x64
		Debug|x86 = Debug|x86
		Release|x64 = Release|x64
		Release|x86 = Release|x86
	EndGlobalSection
	GlobalSection(ProjectConfigurationPlatforms) = postSolution
		{92811938-1E64-49E2-B1F7-1009B6CD25DA}.Debug|x64.ActiveCfg = Debug|x64
		{92811938-1E64-49E2-B1F7-1009B6CD25DA}.Debug|x64.Build.0 = Debug|x64
		{92811938-1E64-49E2-B1F7-1009B6CD25DA}.Debug|x86.ActiveCfg = Debug|x64
		{92811938-1E64-49E2-B1F7-1009B6CD25DA}.Debug|x86.Build.0 = Debug|x64
		{92811938-1E64-49E2-B1F7-1009B6CD25DA}.Release|x64.ActiveCfg = Release|x64
		{92811938-1E64-49E2-B1F7-1009B6CD25DA}.Release|x64.Build.0 = Release|x64
		{92811938-1E64-49E2-B1F7-1009B6CD25DA}.Release|x86.ActiveCfg = Release|x64
		{92811938-1E64-49E2-B1F7-1009B6CD25DA}.Release|x86.Build.0 = Release|x64
		{6E578194-767F-44AE-8914-B99B01830489}.Debug|x64.ActiveCfg = Debug|x64
		{6E578194-767F-44AE-8914-B99B01830489}.Debug|x64.Build.0 = Debug|x64
		{6E578194-767F-44AE-8914-B99B01830489}.Debug|x86.ActiveCfg = Debug|Win32
		{6E578194-767F-44AE-8914-B99B01830489}.Debug|x86.Build.0 = Debug|Win32
		{6E578194-767F-44AE-8914-B99B01830489}.Release|x64.ActiveCfg = Release|x64
		{6E578194-767F-44AE-8914-B99B01830489}.Release|x64.Build.0 = Release|x64
		{6E578194-767F-44AE-8914-B99B01830489}.Release|x86.ActiveCfg = Release|Win32
		{6E578194-767F-44AE-8914-B99B01830489}.Release|x86.Build.0 = Release|Win32
	EndGlobalSection
	GlobalSection(SolutionProperties) = preSolution
		HideSolutionNode = FALSE
	EndGlobalSection
	GlobalSection(ExtensibilityGlobals) = postSolution
		SolutionGuid = {192930A8-6B49-44C2-8CA3-37C3D8B062A0}
	EndGlobalSection
EndGlobal
